PODS:
  - DateTools (1.7.0)
  - FMDB (2.6.2):
    - FMDB/standard (= 2.6.2)
  - FMDB/standard (2.6.2)

DEPENDENCIES:
  - DateTools
  - FMDB

SPEC CHECKSUMS:
  DateTools: 53288ee8b905fdc75897a1e6b5cc0144b14cba60
  FMDB: 854a0341b4726e53276f2a8996f06f1b80f9259a

PODFILE CHECKSUM: 672e632287f1e488e84078636acf70c0fb506029

COCOAPODS: 1.0.0.rc.2
