// !$*UTF8*$!
{
	archiveVersion = 1;
	classes = {
	};
	objectVersion = 46;
	objects = {

/* Begin PBXBuildFile section */
		60F20D3AEBB354F10878A8E5 /* libPods-EatRecord.a in Frameworks */ = {isa = PBXBuildFile; fileRef = 164BE3859DEF0A68A529FF5C /* libPods-EatRecord.a */; };
		8A071EF01CE54A39006D9967 /* migrations.bundle in Resources */ = {isa = PBXBuildFile; fileRef = 8A071EEF1CE54A39006D9967 /* migrations.bundle */; };
		8A2BEBA71CE0E6E100E47008 /* CreateTable.m in Sources */ = {isa = PBXBuildFile; fileRef = 8A2BEBA61CE0E6E100E47008 /* CreateTable.m */; };
		8A2BEBAB1CE0EA0100E47008 /* UserDefaults.m in Sources */ = {isa = PBXBuildFile; fileRef = 8A2BEBAA1CE0EA0100E47008 /* UserDefaults.m */; };
		8A2BEBB31CE2EDD800E47008 /* SQL.m in Sources */ = {isa = PBXBuildFile; fileRef = 8A2BEBB21CE2EDD800E47008 /* SQL.m */; };
		8A2F15F91CE3FBEE0034E470 /* NSString+Addition.m in Sources */ = {isa = PBXBuildFile; fileRef = 8A2F15F81CE3FBEE0034E470 /* NSString+Addition.m */; };
		8A4F17D91CDE2FF100CB955A /* DataBase.m in Sources */ = {isa = PBXBuildFile; fileRef = 8A4F17D81CDE2FF100CB955A /* DataBase.m */; };
		8A958E761CDC12370013DE4C /* UIColor+HBZAdditions.m in Sources */ = {isa = PBXBuildFile; fileRef = 8A958E751CDC12370013DE4C /* UIColor+HBZAdditions.m */; };
		8A958E791CDC124C0013DE4C /* UIFont+HBZAdditions.m in Sources */ = {isa = PBXBuildFile; fileRef = 8A958E781CDC124C0013DE4C /* UIFont+HBZAdditions.m */; };
		8A958E7C1CDC12BA0013DE4C /* UIColor+HBZContentColor.m in Sources */ = {isa = PBXBuildFile; fileRef = 8A958E7B1CDC12BA0013DE4C /* UIColor+HBZContentColor.m */; };
		8AA35CAC1CDCE538008D75B4 /* StyleConfig.m in Sources */ = {isa = PBXBuildFile; fileRef = 8AA35CAB1CDCE538008D75B4 /* StyleConfig.m */; };
		8AA35CAE1CDCEA86008D75B4 /* images-2.jpg in Resources */ = {isa = PBXBuildFile; fileRef = 8AA35CAD1CDCEA86008D75B4 /* images-2.jpg */; };
		8AA35CB21CDCED19008D75B4 /* EatRecordListViewController.m in Sources */ = {isa = PBXBuildFile; fileRef = 8AA35CB11CDCED19008D75B4 /* EatRecordListViewController.m */; };
		8AA35CB51CDD6759008D75B4 /* EatRecordListTableViewCell.m in Sources */ = {isa = PBXBuildFile; fileRef = 8AA35CB41CDD6759008D75B4 /* EatRecordListTableViewCell.m */; };
		8AF3C26B1CC5B49A00155774 /* main.m in Sources */ = {isa = PBXBuildFile; fileRef = 8AF3C26A1CC5B49A00155774 /* main.m */; };
		8AF3C26E1CC5B49A00155774 /* AppDelegate.m in Sources */ = {isa = PBXBuildFile; fileRef = 8AF3C26D1CC5B49A00155774 /* AppDelegate.m */; };
		8AF3C2711CC5B49A00155774 /* ViewController.m in Sources */ = {isa = PBXBuildFile; fileRef = 8AF3C2701CC5B49A00155774 /* ViewController.m */; };
		8AF3C2741CC5B49A00155774 /* Main.storyboard in Resources */ = {isa = PBXBuildFile; fileRef = 8AF3C2721CC5B49A00155774 /* Main.storyboard */; };
		8AF3C2761CC5B49A00155774 /* Assets.xcassets in Resources */ = {isa = PBXBuildFile; fileRef = 8AF3C2751CC5B49A00155774 /* Assets.xcassets */; };
		8AF3C2791CC5B49A00155774 /* LaunchScreen.storyboard in Resources */ = {isa = PBXBuildFile; fileRef = 8AF3C2771CC5B49A00155774 /* LaunchScreen.storyboard */; };
/* End PBXBuildFile section */

/* Begin PBXFileReference section */
		164BE3859DEF0A68A529FF5C /* libPods-EatRecord.a */ = {isa = PBXFileReference; explicitFileType = archive.ar; includeInIndex = 0; path = "libPods-EatRecord.a"; sourceTree = BUILT_PRODUCTS_DIR; };
		57E3E58C07E64D7E5527A764 /* Pods-EatRecord.release.xcconfig */ = {isa = PBXFileReference; includeInIndex = 1; lastKnownFileType = text.xcconfig; name = "Pods-EatRecord.release.xcconfig"; path = "Pods/Target Support Files/Pods-EatRecord/Pods-EatRecord.release.xcconfig"; sourceTree = "<group>"; };
		8A071EEF1CE54A39006D9967 /* migrations.bundle */ = {isa = PBXFileReference; lastKnownFileType = "wrapper.plug-in"; path = migrations.bundle; sourceTree = "<group>"; };
		8A2BEBA41CE036FD00E47008 /* MacroUtils.h */ = {isa = PBXFileReference; lastKnownFileType = sourcecode.c.h; path = MacroUtils.h; sourceTree = "<group>"; };
		8A2BEBA51CE0E6E100E47008 /* CreateTable.h */ = {isa = PBXFileReference; fileEncoding = 4; lastKnownFileType = sourcecode.c.h; path = CreateTable.h; sourceTree = "<group>"; };
		8A2BEBA61CE0E6E100E47008 /* CreateTable.m */ = {isa = PBXFileReference; fileEncoding = 4; lastKnownFileType = sourcecode.c.objc; path = CreateTable.m; sourceTree = "<group>"; };
		8A2BEBA91CE0EA0100E47008 /* UserDefaults.h */ = {isa = PBXFileReference; fileEncoding = 4; lastKnownFileType = sourcecode.c.h; path = UserDefaults.h; sourceTree = "<group>"; };
		8A2BEBAA1CE0EA0100E47008 /* UserDefaults.m */ = {isa = PBXFileReference; fileEncoding = 4; lastKnownFileType = sourcecode.c.objc; path = UserDefaults.m; sourceTree = "<group>"; };
		8A2BEBB11CE2EDD800E47008 /* SQL.h */ = {isa = PBXFileReference; fileEncoding = 4; lastKnownFileType = sourcecode.c.h; path = SQL.h; sourceTree = "<group>"; };
		8A2BEBB21CE2EDD800E47008 /* SQL.m */ = {isa = PBXFileReference; fileEncoding = 4; lastKnownFileType = sourcecode.c.objc; path = SQL.m; sourceTree = "<group>"; };
		8A2F15F71CE3FBEE0034E470 /* NSString+Addition.h */ = {isa = PBXFileReference; fileEncoding = 4; lastKnownFileType = sourcecode.c.h; path = "NSString+Addition.h"; sourceTree = "<group>"; };
		8A2F15F81CE3FBEE0034E470 /* NSString+Addition.m */ = {isa = PBXFileReference; fileEncoding = 4; lastKnownFileType = sourcecode.c.objc; path = "NSString+Addition.m"; sourceTree = "<group>"; };
		8A4F17D71CDE2FF100CB955A /* DataBase.h */ = {isa = PBXFileReference; fileEncoding = 4; lastKnownFileType = sourcecode.c.h; path = DataBase.h; sourceTree = "<group>"; };
		8A4F17D81CDE2FF100CB955A /* DataBase.m */ = {isa = PBXFileReference; fileEncoding = 4; lastKnownFileType = sourcecode.c.objc; path = DataBase.m; sourceTree = "<group>"; };
		8A958E741CDC12370013DE4C /* UIColor+HBZAdditions.h */ = {isa = PBXFileReference; fileEncoding = 4; lastKnownFileType = sourcecode.c.h; path = "UIColor+HBZAdditions.h"; sourceTree = "<group>"; };
		8A958E751CDC12370013DE4C /* UIColor+HBZAdditions.m */ = {isa = PBXFileReference; fileEncoding = 4; lastKnownFileType = sourcecode.c.objc; path = "UIColor+HBZAdditions.m"; sourceTree = "<group>"; };
		8A958E771CDC124C0013DE4C /* UIFont+HBZAdditions.h */ = {isa = PBXFileReference; fileEncoding = 4; lastKnownFileType = sourcecode.c.h; path = "UIFont+HBZAdditions.h"; sourceTree = "<group>"; };
		8A958E781CDC124C0013DE4C /* UIFont+HBZAdditions.m */ = {isa = PBXFileReference; fileEncoding = 4; lastKnownFileType = sourcecode.c.objc; path = "UIFont+HBZAdditions.m"; sourceTree = "<group>"; };
		8A958E7A1CDC12BA0013DE4C /* UIColor+HBZContentColor.h */ = {isa = PBXFileReference; fileEncoding = 4; lastKnownFileType = sourcecode.c.h; path = "UIColor+HBZContentColor.h"; sourceTree = "<group>"; };
		8A958E7B1CDC12BA0013DE4C /* UIColor+HBZContentColor.m */ = {isa = PBXFileReference; fileEncoding = 4; lastKnownFileType = sourcecode.c.objc; path = "UIColor+HBZContentColor.m"; sourceTree = "<group>"; };
		8AA35CA81CDCE294008D75B4 /* EatRecord-PrefixHeader.pch */ = {isa = PBXFileReference; lastKnownFileType = sourcecode.c.h; path = "EatRecord-PrefixHeader.pch"; sourceTree = "<group>"; };
		8AA35CAA1CDCE538008D75B4 /* StyleConfig.h */ = {isa = PBXFileReference; fileEncoding = 4; lastKnownFileType = sourcecode.c.h; path = StyleConfig.h; sourceTree = "<group>"; };
		8AA35CAB1CDCE538008D75B4 /* StyleConfig.m */ = {isa = PBXFileReference; fileEncoding = 4; lastKnownFileType = sourcecode.c.objc; path = StyleConfig.m; sourceTree = "<group>"; };
		8AA35CAD1CDCEA86008D75B4 /* images-2.jpg */ = {isa = PBXFileReference; lastKnownFileType = image.jpeg; path = "images-2.jpg"; sourceTree = "<group>"; };
		8AA35CB01CDCED19008D75B4 /* EatRecordListViewController.h */ = {isa = PBXFileReference; fileEncoding = 4; lastKnownFileType = sourcecode.c.h; path = EatRecordListViewController.h; sourceTree = "<group>"; };
		8AA35CB11CDCED19008D75B4 /* EatRecordListViewController.m */ = {isa = PBXFileReference; fileEncoding = 4; lastKnownFileType = sourcecode.c.objc; path = EatRecordListViewController.m; sourceTree = "<group>"; };
		8AA35CB31CDD6759008D75B4 /* EatRecordListTableViewCell.h */ = {isa = PBXFileReference; fileEncoding = 4; lastKnownFileType = sourcecode.c.h; path = EatRecordListTableViewCell.h; sourceTree = "<group>"; };
		8AA35CB41CDD6759008D75B4 /* EatRecordListTableViewCell.m */ = {isa = PBXFileReference; fileEncoding = 4; lastKnownFileType = sourcecode.c.objc; path = EatRecordListTableViewCell.m; sourceTree = "<group>"; };
		8AF3C2661CC5B49A00155774 /* EatRecord.app */ = {isa = PBXFileReference; explicitFileType = wrapper.application; includeInIndex = 0; path = EatRecord.app; sourceTree = BUILT_PRODUCTS_DIR; };
		8AF3C26A1CC5B49A00155774 /* main.m */ = {isa = PBXFileReference; lastKnownFileType = sourcecode.c.objc; path = main.m; sourceTree = "<group>"; };
		8AF3C26C1CC5B49A00155774 /* AppDelegate.h */ = {isa = PBXFileReference; lastKnownFileType = sourcecode.c.h; path = AppDelegate.h; sourceTree = "<group>"; };
		8AF3C26D1CC5B49A00155774 /* AppDelegate.m */ = {isa = PBXFileReference; lastKnownFileType = sourcecode.c.objc; path = AppDelegate.m; sourceTree = "<group>"; };
		8AF3C26F1CC5B49A00155774 /* ViewController.h */ = {isa = PBXFileReference; lastKnownFileType = sourcecode.c.h; path = ViewController.h; sourceTree = "<group>"; };
		8AF3C2701CC5B49A00155774 /* ViewController.m */ = {isa = PBXFileReference; lastKnownFileType = sourcecode.c.objc; path = ViewController.m; sourceTree = "<group>"; };
		8AF3C2731CC5B49A00155774 /* Base */ = {isa = PBXFileReference; lastKnownFileType = file.storyboard; name = Base; path = Base.lproj/Main.storyboard; sourceTree = "<group>"; };
		8AF3C2751CC5B49A00155774 /* Assets.xcassets */ = {isa = PBXFileReference; lastKnownFileType = folder.assetcatalog; path = Assets.xcassets; sourceTree = "<group>"; };
		8AF3C2781CC5B49A00155774 /* Base */ = {isa = PBXFileReference; lastKnownFileType = file.storyboard; name = Base; path = Base.lproj/LaunchScreen.storyboard; sourceTree = "<group>"; };
		8AF3C27A1CC5B49A00155774 /* Info.plist */ = {isa = PBXFileReference; lastKnownFileType = text.plist.xml; path = Info.plist; sourceTree = "<group>"; };
		F4662AA0DE72C6B6B0167149 /* Pods-EatRecord.debug.xcconfig */ = {isa = PBXFileReference; includeInIndex = 1; lastKnownFileType = text.xcconfig; name = "Pods-EatRecord.debug.xcconfig"; path = "Pods/Target Support Files/Pods-EatRecord/Pods-EatRecord.debug.xcconfig"; sourceTree = "<group>"; };
/* End PBXFileReference section */

/* Begin PBXFrameworksBuildPhase section */
		8AF3C2631CC5B49A00155774 /* Frameworks */ = {
			isa = PBXFrameworksBuildPhase;
			buildActionMask = 2147483647;
			files = (
				60F20D3AEBB354F10878A8E5 /* libPods-EatRecord.a in Frameworks */,
			);
			runOnlyForDeploymentPostprocessing = 0;
		};
/* End PBXFrameworksBuildPhase section */

/* Begin PBXGroup section */
		0226ECCBC78F00D26E872B2E /* Frameworks */ = {
			isa = PBXGroup;
			children = (
				164BE3859DEF0A68A529FF5C /* libPods-EatRecord.a */,
			);
			name = Frameworks;
			sourceTree = "<group>";
		};
		3859076F77B34126A60960AF /* Pods */ = {
			isa = PBXGroup;
			children = (
				F4662AA0DE72C6B6B0167149 /* Pods-EatRecord.debug.xcconfig */,
				57E3E58C07E64D7E5527A764 /* Pods-EatRecord.release.xcconfig */,
			);
			name = Pods;
			sourceTree = "<group>";
		};
		8A20C4D41CDBC9CC006BEE38 /* Style */ = {
			isa = PBXGroup;
			children = (
				8AA35CA91CDCE502008D75B4 /* StyleConfig */,
				8A20C4D61CDBC9F0006BEE38 /* Font */,
				8A20C4D51CDBC9E1006BEE38 /* Color */,
			);
			name = Style;
			sourceTree = "<group>";
		};
		8A20C4D51CDBC9E1006BEE38 /* Color */ = {
			isa = PBXGroup;
			children = (
				8A958E741CDC12370013DE4C /* UIColor+HBZAdditions.h */,
				8A958E751CDC12370013DE4C /* UIColor+HBZAdditions.m */,
				8A958E7A1CDC12BA0013DE4C /* UIColor+HBZContentColor.h */,
				8A958E7B1CDC12BA0013DE4C /* UIColor+HBZContentColor.m */,
			);
			name = Color;
			sourceTree = "<group>";
		};
		8A20C4D61CDBC9F0006BEE38 /* Font */ = {
			isa = PBXGroup;
			children = (
				8A958E771CDC124C0013DE4C /* UIFont+HBZAdditions.h */,
				8A958E781CDC124C0013DE4C /* UIFont+HBZAdditions.m */,
			);
			name = Font;
			sourceTree = "<group>";
		};
		8A2BEBA81CE0E9B700E47008 /* userdefaults */ = {
			isa = PBXGroup;
			children = (
				8A2BEBA91CE0EA0100E47008 /* UserDefaults.h */,
				8A2BEBAA1CE0EA0100E47008 /* UserDefaults.m */,
			);
			name = userdefaults;
			sourceTree = "<group>";
		};
		8A2F15F01CE3F8E20034E470 /* support */ = {
			isa = PBXGroup;
			children = (
				8A2F15F51CE3FBA50034E470 /* Category */,
				8A2BEBA81CE0E9B700E47008 /* userdefaults */,
			);
			name = support;
			sourceTree = "<group>";
		};
		8A2F15F51CE3FBA50034E470 /* Category */ = {
			isa = PBXGroup;
			children = (
				8A2F15F71CE3FBEE0034E470 /* NSString+Addition.h */,
				8A2F15F81CE3FBEE0034E470 /* NSString+Addition.m */,
			);
			name = Category;
			sourceTree = "<group>";
		};
		8A4F17D51CDE2F9D00CB955A /* Model */ = {
			isa = PBXGroup;
			children = (
				8A4F17D61CDE2FA800CB955A /* database */,
			);
			name = Model;
			sourceTree = "<group>";
		};
		8A4F17D61CDE2FA800CB955A /* database */ = {
			isa = PBXGroup;
			children = (
				8A4F17D71CDE2FF100CB955A /* DataBase.h */,
				8A4F17D81CDE2FF100CB955A /* DataBase.m */,
				8A2BEBA51CE0E6E100E47008 /* CreateTable.h */,
				8A2BEBA61CE0E6E100E47008 /* CreateTable.m */,
				8A2BEBB11CE2EDD800E47008 /* SQL.h */,
				8A2BEBB21CE2EDD800E47008 /* SQL.m */,
				8A071EEF1CE54A39006D9967 /* migrations.bundle */,
			);
			name = database;
			sourceTree = "<group>";
		};
		8AA35CA91CDCE502008D75B4 /* StyleConfig */ = {
			isa = PBXGroup;
			children = (
				8AA35CAA1CDCE538008D75B4 /* StyleConfig.h */,
				8AA35CAB1CDCE538008D75B4 /* StyleConfig.m */,
			);
			name = StyleConfig;
			sourceTree = "<group>";
		};
		8AA35CAF1CDCECCA008D75B4 /* EatRecordList */ = {
			isa = PBXGroup;
			children = (
				8AA35CB01CDCED19008D75B4 /* EatRecordListViewController.h */,
				8AA35CB11CDCED19008D75B4 /* EatRecordListViewController.m */,
				8AA35CB31CDD6759008D75B4 /* EatRecordListTableViewCell.h */,
				8AA35CB41CDD6759008D75B4 /* EatRecordListTableViewCell.m */,
			);
			name = EatRecordList;
			sourceTree = "<group>";
		};
		8AF3C25D1CC5B49A00155774 = {
			isa = PBXGroup;
			children = (
				8AF3C2681CC5B49A00155774 /* EatRecord */,
				8AF3C2671CC5B49A00155774 /* Products */,
				3859076F77B34126A60960AF /* Pods */,
				0226ECCBC78F00D26E872B2E /* Frameworks */,
			);
			sourceTree = "<group>";
		};
		8AF3C2671CC5B49A00155774 /* Products */ = {
			isa = PBXGroup;
			children = (
				8AF3C2661CC5B49A00155774 /* EatRecord.app */,
			);
			name = Products;
			sourceTree = "<group>";
		};
		8AF3C2681CC5B49A00155774 /* EatRecord */ = {
			isa = PBXGroup;
			children = (
				8A2F15F01CE3F8E20034E470 /* support */,
				8A4F17D51CDE2F9D00CB955A /* Model */,
				8AA35CAF1CDCECCA008D75B4 /* EatRecordList */,
				8AA35CAD1CDCEA86008D75B4 /* images-2.jpg */,
				8A20C4D41CDBC9CC006BEE38 /* Style */,
				8AF3C26C1CC5B49A00155774 /* AppDelegate.h */,
				8AF3C26D1CC5B49A00155774 /* AppDelegate.m */,
				8AF3C26F1CC5B49A00155774 /* ViewController.h */,
				8AF3C2701CC5B49A00155774 /* ViewController.m */,
				8AF3C2721CC5B49A00155774 /* Main.storyboard */,
				8AF3C2751CC5B49A00155774 /* Assets.xcassets */,
				8AF3C2771CC5B49A00155774 /* LaunchScreen.storyboard */,
				8AF3C27A1CC5B49A00155774 /* Info.plist */,
				8AF3C2691CC5B49A00155774 /* Supporting Files */,
			);
			path = EatRecord;
			sourceTree = "<group>";
		};
		8AF3C2691CC5B49A00155774 /* Supporting Files */ = {
			isa = PBXGroup;
			children = (
				8AF3C26A1CC5B49A00155774 /* main.m */,
				8AA35CA81CDCE294008D75B4 /* EatRecord-PrefixHeader.pch */,
				8A2BEBA41CE036FD00E47008 /* MacroUtils.h */,
			);
			name = "Supporting Files";
			sourceTree = "<group>";
		};
/* End PBXGroup section */

/* Begin PBXNativeTarget section */
		8AF3C2651CC5B49A00155774 /* EatRecord */ = {
			isa = PBXNativeTarget;
			buildConfigurationList = 8AF3C27D1CC5B49A00155774 /* Build configuration list for PBXNativeTarget "EatRecord" */;
			buildPhases = (
				FCABA9B72368DF45E17BB59C /* 📦 Check Pods Manifest.lock */,
				8AF3C2621CC5B49A00155774 /* Sources */,
				8AF3C2631CC5B49A00155774 /* Frameworks */,
				8AF3C2641CC5B49A00155774 /* Resources */,
				8A20C4D21CDBC847006BEE38 /* CFBundleVersion */,
				8A20C4D31CDBC89D006BEE38 /* xcode-version-bump.sh */,
				8A20C4D11CDB8F0A006BEE38 /* iconVersioning.sh */,
				50E32717123EDE4F931282BD /* 📦 Embed Pods Frameworks */,
				61666D2202EDC0B404D77659 /* 📦 Copy Pods Resources */,
			);
			buildRules = (
			);
			dependencies = (
			);
			name = EatRecord;
			productName = EatRecord;
			productReference = 8AF3C2661CC5B49A00155774 /* EatRecord.app */;
			productType = "com.apple.product-type.application";
		};
/* End PBXNativeTarget section */

/* Begin PBXProject section */
		8AF3C25E1CC5B49A00155774 /* Project object */ = {
			isa = PBXProject;
			attributes = {
				LastUpgradeCheck = 0730;
				ORGANIZATIONNAME = hourunjing;
				TargetAttributes = {
					8AF3C2651CC5B49A00155774 = {
						CreatedOnToolsVersion = 7.3;
					};
				};
			};
			buildConfigurationList = 8AF3C2611CC5B49A00155774 /* Build configuration list for PBXProject "EatRecord" */;
			compatibilityVersion = "Xcode 3.2";
			developmentRegion = English;
			hasScannedForEncodings = 0;
			knownRegions = (
				en,
				Base,
			);
			mainGroup = 8AF3C25D1CC5B49A00155774;
			productRefGroup = 8AF3C2671CC5B49A00155774 /* Products */;
			projectDirPath = "";
			projectRoot = "";
			targets = (
				8AF3C2651CC5B49A00155774 /* EatRecord */,
			);
		};
/* End PBXProject section */

/* Begin PBXResourcesBuildPhase section */
		8AF3C2641CC5B49A00155774 /* Resources */ = {
			isa = PBXResourcesBuildPhase;
			buildActionMask = 2147483647;
			files = (
				8AA35CAE1CDCEA86008D75B4 /* images-2.jpg in Resources */,
				8AF3C2791CC5B49A00155774 /* LaunchScreen.storyboard in Resources */,
				8A071EF01CE54A39006D9967 /* migrations.bundle in Resources */,
				8AF3C2761CC5B49A00155774 /* Assets.xcassets in Resources */,
				8AF3C2741CC5B49A00155774 /* Main.storyboard in Resources */,
			);
			runOnlyForDeploymentPostprocessing = 0;
		};
/* End PBXResourcesBuildPhase section */

/* Begin PBXShellScriptBuildPhase section */
		50E32717123EDE4F931282BD /* 📦 Embed Pods Frameworks */ = {
			isa = PBXShellScriptBuildPhase;
			buildActionMask = 2147483647;
			files = (
			);
			inputPaths = (
			);
			name = "📦 Embed Pods Frameworks";
			outputPaths = (
			);
			runOnlyForDeploymentPostprocessing = 0;
			shellPath = /bin/sh;
			shellScript = "\"${SRCROOT}/Pods/Target Support Files/Pods-EatRecord/Pods-EatRecord-frameworks.sh\"\n";
			showEnvVarsInLog = 0;
		};
		61666D2202EDC0B404D77659 /* 📦 Copy Pods Resources */ = {
			isa = PBXShellScriptBuildPhase;
			buildActionMask = 2147483647;
			files = (
			);
			inputPaths = (
			);
			name = "📦 Copy Pods Resources";
			outputPaths = (
			);
			runOnlyForDeploymentPostprocessing = 0;
			shellPath = /bin/sh;
			shellScript = "\"${SRCROOT}/Pods/Target Support Files/Pods-EatRecord/Pods-EatRecord-resources.sh\"\n";
			showEnvVarsInLog = 0;
		};
		8A20C4D11CDB8F0A006BEE38 /* iconVersioning.sh */ = {
			isa = PBXShellScriptBuildPhase;
			buildActionMask = 2147483647;
			files = (
			);
			inputPaths = (
			);
			name = iconVersioning.sh;
			outputPaths = (
			);
			runOnlyForDeploymentPostprocessing = 0;
			shellPath = /bin/sh;
			shellScript = "\"${SRCROOT}/Scripts/iconVersioning.sh\"";
		};
		8A20C4D21CDBC847006BEE38 /* CFBundleVersion */ = {
			isa = PBXShellScriptBuildPhase;
			buildActionMask = 2147483647;
			files = (
			);
			inputPaths = (
			);
			name = CFBundleVersion;
			outputPaths = (
			);
			runOnlyForDeploymentPostprocessing = 0;
			shellPath = /bin/sh;
			shellScript = "buildNumber=$(/usr/libexec/PlistBuddy -c \"Print CFBundleVersion\" \"${PROJECT_DIR}/${INFOPLIST_FILE}\")\nbuildNumber=$(($buildNumber + 1))\n/usr/libexec/PlistBuddy -c \"Set :CFBundleVersion $buildNumber\" \"${PROJECT_DIR}/${INFOPLIST_FILE}\"";
		};
		8A20C4D31CDBC89D006BEE38 /* xcode-version-bump.sh */ = {
			isa = PBXShellScriptBuildPhase;
			buildActionMask = 8;
			files = (
			);
			inputPaths = (
			);
			name = "xcode-version-bump.sh";
			outputPaths = (
			);
			runOnlyForDeploymentPostprocessing = 1;
			shellPath = /bin/sh;
			shellScript = "VERSIONNUM=$(/usr/libexec/PlistBuddy -c \"Print CFBundleShortVersionString\" \"${PROJECT_DIR}/${INFOPLIST_FILE}\")\nNEWSUBVERSION=`echo $VERSIONNUM | awk -F \".\" '{print $3}'`\nNEWSUBVERSION=$(($NEWSUBVERSION + 1))\nNEWVERSIONSTRING=`echo $VERSIONNUM | awk -F \".\" '{print $1 \".\" $2 \".'$NEWSUBVERSION'\" }'`\n/usr/libexec/PlistBuddy -c \"Set :CFBundleShortVersionString $NEWVERSIONSTRING\" \"${PROJECT_DIR}/${INFOPLIST_FILE}\"";
		};
		FCABA9B72368DF45E17BB59C /* 📦 Check Pods Manifest.lock */ = {
			isa = PBXShellScriptBuildPhase;
			buildActionMask = 2147483647;
			files = (
			);
			inputPaths = (
			);
			name = "📦 Check Pods Manifest.lock";
			outputPaths = (
			);
			runOnlyForDeploymentPostprocessing = 0;
			shellPath = /bin/sh;
			shellScript = "diff \"${PODS_ROOT}/../Podfile.lock\" \"${PODS_ROOT}/Manifest.lock\" > /dev/null\nif [[ $? != 0 ]] ; then\n    cat << EOM\nerror: The sandbox is not in sync with the Podfile.lock. Run 'pod install' or update your CocoaPods installation.\nEOM\n    exit 1\nfi\n";
			showEnvVarsInLog = 0;
		};
/* End PBXShellScriptBuildPhase section */

/* Begin PBXSourcesBuildPhase section */
		8AF3C2621CC5B49A00155774 /* Sources */ = {
			isa = PBXSourcesBuildPhase;
			buildActionMask = 2147483647;
			files = (
				8AA35CB51CDD6759008D75B4 /* EatRecordListTableViewCell.m in Sources */,
				8A958E761CDC12370013DE4C /* UIColor+HBZAdditions.m in Sources */,
				8A2BEBB31CE2EDD800E47008 /* SQL.m in Sources */,
				8AF3C2711CC5B49A00155774 /* ViewController.m in Sources */,
				8A958E791CDC124C0013DE4C /* UIFont+HBZAdditions.m in Sources */,
				8A2BEBAB1CE0EA0100E47008 /* UserDefaults.m in Sources */,
				8AF3C26E1CC5B49A00155774 /* AppDelegate.m in Sources */,
				8AA35CB21CDCED19008D75B4 /* EatRecordListViewController.m in Sources */,
				8A2BEBA71CE0E6E100E47008 /* CreateTable.m in Sources */,
				8A4F17D91CDE2FF100CB955A /* DataBase.m in Sources */,
				8A958E7C1CDC12BA0013DE4C /* UIColor+HBZContentColor.m in Sources */,
				8AA35CAC1CDCE538008D75B4 /* StyleConfig.m in Sources */,
				8A2F15F91CE3FBEE0034E470 /* NSString+Addition.m in Sources */,
				8AF3C26B1CC5B49A00155774 /* main.m in Sources */,
			);
			runOnlyForDeploymentPostprocessing = 0;
		};
/* End PBXSourcesBuildPhase section */

/* Begin PBXVariantGroup section */
		8AF3C2721CC5B49A00155774 /* Main.storyboard */ = {
			isa = PBXVariantGroup;
			children = (
				8AF3C2731CC5B49A00155774 /* Base */,
			);
			name = Main.storyboard;
			sourceTree = "<group>";
		};
		8AF3C2771CC5B49A00155774 /* LaunchScreen.storyboard */ = {
			isa = PBXVariantGroup;
			children = (
				8AF3C2781CC5B49A00155774 /* Base */,
			);
			name = LaunchScreen.storyboard;
			sourceTree = "<group>";
		};
/* End PBXVariantGroup section */

/* Begin XCBuildConfiguration section */
		8AF3C27B1CC5B49A00155774 /* Debug */ = {
			isa = XCBuildConfiguration;
			buildSettings = {
				ALWAYS_SEARCH_USER_PATHS = NO;
				CLANG_ANALYZER_NONNULL = YES;
				CLANG_CXX_LANGUAGE_STANDARD = "gnu++0x";
				CLANG_CXX_LIBRARY = "libc++";
				CLANG_ENABLE_MODULES = YES;
				CLANG_ENABLE_OBJC_ARC = YES;
				CLANG_WARN_BOOL_CONVERSION = YES;
				CLANG_WARN_CONSTANT_CONVERSION = YES;
				CLANG_WARN_DIRECT_OBJC_ISA_USAGE = YES_ERROR;
				CLANG_WARN_EMPTY_BODY = YES;
				CLANG_WARN_ENUM_CONVERSION = YES;
				CLANG_WARN_INT_CONVERSION = YES;
				CLANG_WARN_OBJC_ROOT_CLASS = YES_ERROR;
				CLANG_WARN_UNREACHABLE_CODE = YES;
				CLANG_WARN__DUPLICATE_METHOD_MATCH = YES;
				"CODE_SIGN_IDENTITY[sdk=iphoneos*]" = "iPhone Developer";
				COPY_PHASE_STRIP = NO;
				DEBUG_INFORMATION_FORMAT = dwarf;
				ENABLE_STRICT_OBJC_MSGSEND = YES;
				ENABLE_TESTABILITY = YES;
				GCC_C_LANGUAGE_STANDARD = gnu99;
				GCC_DYNAMIC_NO_PIC = NO;
				GCC_NO_COMMON_BLOCKS = YES;
				GCC_OPTIMIZATION_LEVEL = 0;
				GCC_PREPROCESSOR_DEFINITIONS = (
					"DEBUG=1",
					"$(inherited)",
				);
				GCC_WARN_64_TO_32_BIT_CONVERSION = YES;
				GCC_WARN_ABOUT_RETURN_TYPE = YES_ERROR;
				GCC_WARN_UNDECLARED_SELECTOR = YES;
				GCC_WARN_UNINITIALIZED_AUTOS = YES_AGGRESSIVE;
				GCC_WARN_UNUSED_FUNCTION = YES;
				GCC_WARN_UNUSED_VARIABLE = YES;
				IPHONEOS_DEPLOYMENT_TARGET = 9.3;
				MTL_ENABLE_DEBUG_INFO = YES;
				ONLY_ACTIVE_ARCH = YES;
				SDKROOT = iphoneos;
			};
			name = Debug;
		};
		8AF3C27C1CC5B49A00155774 /* Release */ = {
			isa = XCBuildConfiguration;
			buildSettings = {
				ALWAYS_SEARCH_USER_PATHS = NO;
				CLANG_ANALYZER_NONNULL = YES;
				CLANG_CXX_LANGUAGE_STANDARD = "gnu++0x";
				CLANG_CXX_LIBRARY = "libc++";
				CLANG_ENABLE_MODULES = YES;
				CLANG_ENABLE_OBJC_ARC = YES;
				CLANG_WARN_BOOL_CONVERSION = YES;
				CLANG_WARN_CONSTANT_CONVERSION = YES;
				CLANG_WARN_DIRECT_OBJC_ISA_USAGE = YES_ERROR;
				CLANG_WARN_EMPTY_BODY = YES;
				CLANG_WARN_ENUM_CONVERSION = YES;
				CLANG_WARN_INT_CONVERSION = YES;
				CLANG_WARN_OBJC_ROOT_CLASS = YES_ERROR;
				CLANG_WARN_UNREACHABLE_CODE = YES;
				CLANG_WARN__DUPLICATE_METHOD_MATCH = YES;
				"CODE_SIGN_IDENTITY[sdk=iphoneos*]" = "iPhone Developer";
				COPY_PHASE_STRIP = NO;
				DEBUG_INFORMATION_FORMAT = "dwarf-with-dsym";
				ENABLE_NS_ASSERTIONS = NO;
				ENABLE_STRICT_OBJC_MSGSEND = YES;
				GCC_C_LANGUAGE_STANDARD = gnu99;
				GCC_NO_COMMON_BLOCKS = YES;
				GCC_WARN_64_TO_32_BIT_CONVERSION = YES;
				GCC_WARN_ABOUT_RETURN_TYPE = YES_ERROR;
				GCC_WARN_UNDECLARED_SELECTOR = YES;
				GCC_WARN_UNINITIALIZED_AUTOS = YES_AGGRESSIVE;
				GCC_WARN_UNUSED_FUNCTION = YES;
				GCC_WARN_UNUSED_VARIABLE = YES;
				IPHONEOS_DEPLOYMENT_TARGET = 9.3;
				MTL_ENABLE_DEBUG_INFO = NO;
				SDKROOT = iphoneos;
				VALIDATE_PRODUCT = YES;
			};
			name = Release;
		};
		8AF3C27E1CC5B49A00155774 /* Debug */ = {
			isa = XCBuildConfiguration;
			baseConfigurationReference = F4662AA0DE72C6B6B0167149 /* Pods-EatRecord.debug.xcconfig */;
			buildSettings = {
				ASSETCATALOG_COMPILER_APPICON_NAME = AppIcon;
				GCC_PRECOMPILE_PREFIX_HEADER = YES;
				GCC_PREFIX_HEADER = "EatRecord/EatRecord-PrefixHeader.pch";
				INFOPLIST_FILE = EatRecord/Info.plist;
				LD_RUNPATH_SEARCH_PATHS = "$(inherited) @executable_path/Frameworks";
				PRODUCT_BUNDLE_IDENTIFIER = com.hbzshome.EatRecord;
				PRODUCT_NAME = "$(TARGET_NAME)";
			};
			name = Debug;
		};
		8AF3C27F1CC5B49A00155774 /* Release */ = {
			isa = XCBuildConfiguration;
			baseConfigurationReference = 57E3E58C07E64D7E5527A764 /* Pods-EatRecord.release.xcconfig */;
			buildSettings = {
				ASSETCATALOG_COMPILER_APPICON_NAME = AppIcon;
				GCC_PRECOMPILE_PREFIX_HEADER = YES;
				GCC_PREFIX_HEADER = "EatRecord/EatRecord-PrefixHeader.pch";
				INFOPLIST_FILE = EatRecord/Info.plist;
				LD_RUNPATH_SEARCH_PATHS = "$(inherited) @executable_path/Frameworks";
				PRODUCT_BUNDLE_IDENTIFIER = com.hbzshome.EatRecord;
				PRODUCT_NAME = "$(TARGET_NAME)";
			};
			name = Release;
		};
/* End XCBuildConfiguration section */

/* Begin XCConfigurationList section */
		8AF3C2611CC5B49A00155774 /* Build configuration list for PBXProject "EatRecord" */ = {
			isa = XCConfigurationList;
			buildConfigurations = (
				8AF3C27B1CC5B49A00155774 /* Debug */,
				8AF3C27C1CC5B49A00155774 /* Release */,
			);
			defaultConfigurationIsVisible = 0;
			defaultConfigurationName = Release;
		};
		8AF3C27D1CC5B49A00155774 /* Build configuration list for PBXNativeTarget "EatRecord" */ = {
			isa = XCConfigurationList;
			buildConfigurations = (
				8AF3C27E1CC5B49A00155774 /* Debug */,
				8AF3C27F1CC5B49A00155774 /* Release */,
			);
			defaultConfigurationIsVisible = 0;
			defaultConfigurationName = Release;
		};
/* End XCConfigurationList section */
	};
	rootObject = 8AF3C25E1CC5B49A00155774 /* Project object */;
}
